{
  "name": "code",
  "lockfileVersion": 3,
  "requires": true,
  "packages": {
    "": {
      "name": "code",
      "dependencies": {
        "commander": "^12.1.0"
      },
      "devDependencies": {
        "@biomejs/biome": "^1.8.3",
        "@tscircuit/soup": "^0.0.39",
        "@tscircuit/soup-util": "^0.0.13",
        "@types/bun": "latest"
      },
      "peerDependencies": {
        "typescript": "^5.0.0"
      }
    },
    "node_modules/@biomejs/biome": {
      "version": "1.8.3",
      "dev": true,
      "hasInstallScript": true,
      "license": "MIT OR Apache-2.0",
      "bin": {
        "biome": "bin/biome"
      },
      "engines": {
        "node": ">=14.21.3"
      },
      "funding": {
        "type": "opencollective",
        "url": "https://opencollective.com/biome"
      },
      "optionalDependencies": {
        "@biomejs/cli-darwin-arm64": "1.8.3",
        "@biomejs/cli-darwin-x64": "1.8.3",
        "@biomejs/cli-linux-arm64": "1.8.3",
        "@biomejs/cli-linux-arm64-musl": "1.8.3",
        "@biomejs/cli-linux-x64": "1.8.3",
        "@biomejs/cli-linux-x64-musl": "1.8.3",
        "@biomejs/cli-win32-arm64": "1.8.3",
        "@biomejs/cli-win32-x64": "1.8.3"
      }
    },
    "node_modules/@biomejs/cli-darwin-arm64": {
      "version": "1.8.3",
      "cpu": [
        "arm64"
      ],
      "dev": true,
      "license": "MIT OR Apache-2.0",
      "optional": true,
      "os": [
        "darwin"
      ],
      "engines": {
        "node": ">=14.21.3"
      }
    },
    "node_modules/@tscircuit/soup": {
      "version": "0.0.39",
      "dev": true,
      "license": "ISC",
      "dependencies": {
        "convert-units": "^2.3.4",
        "zod": "^3.23.6"
      }
    },
    "node_modules/@tscircuit/soup-util": {
      "version": "0.0.13",
      "resolved": "https://registry.npmjs.org/@tscircuit/soup-util/-/soup-util-0.0.13.tgz",
      "integrity": "sha512-IvyChQs/aj14z6ss4jSpYj3Uu3riUupPaw52mlU07NlpXikqkYoLbub9OgumqmP+m6fCBRZKnr+SVbAbJjZHsQ==",
      "dev": true,
      "license": "ISC",
      "dependencies": {
        "parsel-js": "^1.1.2"
      },
      "peerDependencies": {
        "@tscircuit/soup": "*",
        "transformation-matrix": "*",
        "zod": "*"
      }
    },
    "node_modules/@types/bun": {
      "version": "1.1.6",
      "resolved": "https://registry.npmjs.org/@types/bun/-/bun-1.1.6.tgz",
      "integrity": "sha512-uJgKjTdX0GkWEHZzQzFsJkWp5+43ZS7HC8sZPFnOwnSo1AsNl2q9o2bFeS23disNDqbggEgyFkKCHl/w8iZsMA==",
      "dev": true,
      "license": "MIT",
      "dependencies": {
        "bun-types": "1.1.17"
      }
    },
    "node_modules/@types/node": {
      "version": "20.12.14",
      "dev": true,
      "license": "MIT",
      "dependencies": {
        "undici-types": "~5.26.4"
      }
    },
    "node_modules/@types/ws": {
      "version": "8.5.11",
      "dev": true,
      "license": "MIT",
      "dependencies": {
        "@types/node": "*"
      }
    },
    "node_modules/bun-types": {
      "version": "1.1.17",
      "dev": true,
      "license": "MIT",
      "dependencies": {
        "@types/node": "~20.12.8",
        "@types/ws": "~8.5.10"
      }
    },
    "node_modules/commander": {
      "version": "12.1.0",
      "license": "MIT",
      "engines": {
        "node": ">=18"
      }
    },
    "node_modules/convert-units": {
      "version": "2.3.4",
      "dev": true,
      "license": "MIT",
      "dependencies": {
        "lodash.foreach": "2.3.x",
        "lodash.keys": "2.3.x"
      }
    },
    "node_modules/lodash._basebind": {
      "version": "2.3.0",
      "dev": true,
      "license": "MIT",
      "dependencies": {
        "lodash._basecreate": "~2.3.0",
        "lodash._setbinddata": "~2.3.0",
        "lodash.isobject": "~2.3.0"
      }
    },
    "node_modules/lodash._basecreate": {
      "version": "2.3.0",
      "dev": true,
      "license": "MIT",
      "dependencies": {
        "lodash._renative": "~2.3.0",
        "lodash.isobject": "~2.3.0",
        "lodash.noop": "~2.3.0"
      }
    },
    "node_modules/lodash._basecreatecallback": {
      "version": "2.3.0",
      "dev": true,
      "license": "MIT",
      "dependencies": {
        "lodash._setbinddata": "~2.3.0",
        "lodash.bind": "~2.3.0",
        "lodash.identity": "~2.3.0",
        "lodash.support": "~2.3.0"
      }
    },
    "node_modules/lodash._basecreatewrapper": {
      "version": "2.3.0",
      "dev": true,
      "license": "MIT",
      "dependencies": {
        "lodash._basecreate": "~2.3.0",
        "lodash._setbinddata": "~2.3.0",
        "lodash._slice": "~2.3.0",
        "lodash.isobject": "~2.3.0"
      }
    },
    "node_modules/lodash._createwrapper": {
      "version": "2.3.0",
      "dev": true,
      "license": "MIT",
      "dependencies": {
        "lodash._basebind": "~2.3.0",
        "lodash._basecreatewrapper": "~2.3.0",
        "lodash.isfunction": "~2.3.0"
      }
    },
    "node_modules/lodash._objecttypes": {
      "version": "2.3.0",
      "dev": true,
      "license": "MIT"
    },
    "node_modules/lodash._renative": {
      "version": "2.3.0",
      "dev": true,
      "license": "MIT"
    },
    "node_modules/lodash._setbinddata": {
      "version": "2.3.0",
      "dev": true,
      "license": "MIT",
      "dependencies": {
        "lodash._renative": "~2.3.0",
        "lodash.noop": "~2.3.0"
      }
    },
    "node_modules/lodash._shimkeys": {
      "version": "2.3.0",
      "dev": true,
      "license": "MIT",
      "dependencies": {
        "lodash._objecttypes": "~2.3.0"
      }
    },
    "node_modules/lodash._slice": {
      "version": "2.3.0",
      "dev": true,
      "license": "MIT"
    },
    "node_modules/lodash.bind": {
      "version": "2.3.0",
      "dev": true,
      "license": "MIT",
      "dependencies": {
        "lodash._createwrapper": "~2.3.0",
        "lodash._renative": "~2.3.0",
        "lodash._slice": "~2.3.0"
      }
    },
    "node_modules/lodash.foreach": {
      "version": "2.3.0",
      "dev": true,
      "license": "MIT",
      "dependencies": {
        "lodash._basecreatecallback": "~2.3.0",
        "lodash.forown": "~2.3.0"
      }
    },
    "node_modules/lodash.forown": {
      "version": "2.3.0",
      "dev": true,
      "license": "MIT",
      "dependencies": {
        "lodash._basecreatecallback": "~2.3.0",
        "lodash._objecttypes": "~2.3.0",
        "lodash.keys": "~2.3.0"
      }
    },
    "node_modules/lodash.identity": {
      "version": "2.3.0",
      "dev": true,
      "license": "MIT"
    },
    "node_modules/lodash.isfunction": {
      "version": "2.3.0",
      "dev": true,
      "license": "MIT"
    },
    "node_modules/lodash.isobject": {
      "version": "2.3.0",
      "dev": true,
      "license": "MIT",
      "dependencies": {
        "lodash._objecttypes": "~2.3.0"
      }
    },
    "node_modules/lodash.keys": {
      "version": "2.3.0",
      "dev": true,
      "license": "MIT",
      "dependencies": {
        "lodash._renative": "~2.3.0",
        "lodash._shimkeys": "~2.3.0",
        "lodash.isobject": "~2.3.0"
      }
    },
    "node_modules/lodash.noop": {
      "version": "2.3.0",
      "dev": true,
      "license": "MIT"
    },
    "node_modules/lodash.support": {
      "version": "2.3.0",
      "dev": true,
      "license": "MIT",
      "dependencies": {
        "lodash._renative": "~2.3.0"
      }
    },
    "node_modules/parsel-js": {
      "version": "1.1.2",
      "resolved": "https://registry.npmjs.org/parsel-js/-/parsel-js-1.1.2.tgz",
      "integrity": "sha512-D66DG2nKx4Yoq66TMEyCUHlR2STGqO7vsBrX7tgyS9cfQyO6XD5JyzOiflwmWN6a4wbUAqpmHqmrxlTQVGZcbA==",
      "dev": true,
      "license": "MIT"
    },
    "node_modules/transformation-matrix": {
      "version": "2.16.1",
      "resolved": "https://registry.npmjs.org/transformation-matrix/-/transformation-matrix-2.16.1.tgz",
      "integrity": "sha512-tdtC3wxVEuzU7X/ydL131Q3JU5cPMEn37oqVLITjRDSDsnSHVFzW2JiCLfZLIQEgWzZHdSy3J6bZzvKEN24jGA==",
      "dev": true,
      "license": "MIT",
      "peer": true,
      "funding": {
        "url": "https://github.com/sponsors/chrvadala"
      }
    },
    "node_modules/typescript": {
      "version": "5.5.3",
      "license": "Apache-2.0",
      "peer": true,
      "bin": {
        "tsc": "bin/tsc",
        "tsserver": "bin/tsserver"
      },
      "engines": {
        "node": ">=14.17"
      }
    },
    "node_modules/undici-types": {
      "version": "5.26.5",
      "dev": true,
      "license": "MIT"
    },
    "node_modules/zod": {
      "version": "3.23.8",
      "dev": true,
      "license": "MIT",
      "funding": {
        "url": "https://github.com/sponsors/colinhacks"
      }
    }
  }
}
